
Microsoft Visual Studio Solution File, Format Version 12.00
# Visual Studio 15
VisualStudioVersion = 15.0.26228.9
MinimumVisualStudioVersion = 10.0.40219.1
Project("{FAE04EC0-301F-11D3-BF4B-00C04F79EFBC}") = "RestoreFromLocal", "RestoreFromLocal\RestoreFromLocal.csproj", "{7788D4EC-812E-4C5C-A514-4232C1D0E949}"
EndProject
Project("{FAE04EC0-301F-11D3-BF4B-00C04F79EFBC}") = "SlackHistoryViewer.Slack", "SlackHistoryViewer.Slack\SlackHistoryViewer.Slack.csproj", "{D4849B0E-68AA-43F2-A60E-77E15CBFAE5E}"
EndProject
Global
	GlobalSection(SolutionConfigurationPlatforms) = preSolution
		Debug|Any CPU = Debug|Any CPU
		Release|Any CPU = Release|Any CPU
	EndGlobalSection
	GlobalSection(ProjectConfigurationPlatforms) = postSolution
		{7788D4EC-812E-4C5C-A514-4232C1D0E949}.Debug|Any CPU.ActiveCfg = Debug|Any CPU
		{7788D4EC-812E-4C5C-A514-4232C1D0E949}.Debug|Any CPU.Build.0 = Debug|Any CPU
		{7788D4EC-812E-4C5C-A514-4232C1D0E949}.Release|Any CPU.ActiveCfg = Release|Any CPU
		{7788D4EC-812E-4C5C-A514-4232C1D0E949}.Release|Any CPU.Build.0 = Release|Any CPU
		{D4849B0E-68AA-43F2-A60E-77E15CBFAE5E}.Debug|Any CPU.ActiveCfg = Debug|Any CPU
		{D4849B0E-68AA-43F2-A60E-77E15CBFAE5E}.Debug|Any CPU.Build.0 = Debug|Any CPU
		{D4849B0E-68AA-43F2-A60E-77E15CBFAE5E}.Release|Any CPU.ActiveCfg = Release|Any CPU
		{D4849B0E-68AA-43F2-A60E-77E15CBFAE5E}.Release|Any CPU.Build.0 = Release|Any CPU
	EndGlobalSection
	GlobalSection(SolutionProperties) = preSolution
		HideSolutionNode = FALSE
	EndGlobalSection
EndGlobal
